
Microsoft Visual Studio Solution File, Format Version 12.00
# Visual Studio Version 16
VisualStudioVersion = 16.0.810.8
MinimumVisualStudioVersion = 10.0.40219.1
Project("{FAE04EC0-301F-11D3-BF4B-00C04F79EFBC}") = "SignalRChat", "SignalRChat\SignalRChat.csproj", "{7F158039-E224-4938-A94C-3C074F30B396}"
EndProject
Global
	GlobalSection(SolutionConfigurationPlatforms) = preSolution
		Debug|Any CPU = Debug|Any CPU
		Release|Any CPU = Release|Any CPU
	EndGlobalSection
	GlobalSection(ProjectConfigurationPlatforms) = postSolution
		{7F158039-E224-4938-A94C-3C074F30B396}.Debug|Any CPU.ActiveCfg = Debug|Any CPU
		{7F158039-E224-4938-A94C-3C074F30B396}.Debug|Any CPU.Build.0 = Debug|Any CPU
		{7F158039-E224-4938-A94C-3C074F30B396}.Release|Any CPU.ActiveCfg = Release|Any CPU
		{7F158039-E224-4938-A94C-3C074F30B396}.Release|Any CPU.Build.0 = Release|Any CPU
	EndGlobalSection
	GlobalSection(SolutionProperties) = preSolution
		HideSolutionNode = FALSE
	EndGlobalSection
	GlobalSection(ExtensibilityGlobals) = postSolution
		SolutionGuid = {0FFA5DA7-BAA9-4982-BDC0-C84F399A34B9}
	EndGlobalSection
EndGlobal
